// !$*UTF8*$!
{
	archiveVersion = 1;
	classes = {
	};
	objectVersion = 50;
	objects = {

/* Begin PBXBuildFile section */
		202EED1823E3622600AE8E0E /* AppDelegate.swift in Sources */ = {isa = PBXBuildFile; fileRef = 202EED1723E3622600AE8E0E /* AppDelegate.swift */; };
		202EED1A23E3622600AE8E0E /* SceneDelegate.swift in Sources */ = {isa = PBXBuildFile; fileRef = 202EED1923E3622600AE8E0E /* SceneDelegate.swift */; };
		202EED1C23E3622600AE8E0E /* ViewController.swift in Sources */ = {isa = PBXBuildFile; fileRef = 202EED1B23E3622600AE8E0E /* ViewController.swift */; };
		202EED2123E3622700AE8E0E /* Assets.xcassets in Resources */ = {isa = PBXBuildFile; fileRef = 202EED2023E3622700AE8E0E /* Assets.xcassets */; };
		202EED2423E3622700AE8E0E /* LaunchScreen.storyboard in Resources */ = {isa = PBXBuildFile; fileRef = 202EED2223E3622700AE8E0E /* LaunchScreen.storyboard */; };
		202EED2C23E366A100AE8E0E /* ArticleModel.swift in Sources */ = {isa = PBXBuildFile; fileRef = 202EED2B23E366A100AE8E0E /* ArticleModel.swift */; };
		202EED2E23E3671A00AE8E0E /* ArticleView.swift in Sources */ = {isa = PBXBuildFile; fileRef = 202EED2D23E3671A00AE8E0E /* ArticleView.swift */; };
		202EED3023E393D900AE8E0E /* MainTabBarController.swift in Sources */ = {isa = PBXBuildFile; fileRef = 202EED2F23E393D900AE8E0E /* MainTabBarController.swift */; };
		202EED3223E394E000AE8E0E /* MainNavigationController.swift in Sources */ = {isa = PBXBuildFile; fileRef = 202EED3123E394E000AE8E0E /* MainNavigationController.swift */; };
		202EED3423E3954000AE8E0E /* MainViewController.swift in Sources */ = {isa = PBXBuildFile; fileRef = 202EED3323E3954000AE8E0E /* MainViewController.swift */; };
		202EED3623E3959300AE8E0E /* DetailViewController.swift in Sources */ = {isa = PBXBuildFile; fileRef = 202EED3523E3959300AE8E0E /* DetailViewController.swift */; };
		202EED3823E3965C00AE8E0E /* SecondaryViewController.swift in Sources */ = {isa = PBXBuildFile; fileRef = 202EED3723E3965C00AE8E0E /* SecondaryViewController.swift */; };
		2038D28823E9F25A00B5E6CF /* CameraHandler.swift in Sources */ = {isa = PBXBuildFile; fileRef = 2038D28723E9F25A00B5E6CF /* CameraHandler.swift */; };
/* End PBXBuildFile section */

/* Begin PBXFileReference section */
		202EED1423E3622600AE8E0E /* Photo Sort.app */ = {isa = PBXFileReference; explicitFileType = wrapper.application; includeInIndex = 0; path = "Photo Sort.app"; sourceTree = BUILT_PRODUCTS_DIR; };
		202EED1723E3622600AE8E0E /* AppDelegate.swift */ = {isa = PBXFileReference; lastKnownFileType = sourcecode.swift; path = AppDelegate.swift; sourceTree = "<group>"; };
		202EED1923E3622600AE8E0E /* SceneDelegate.swift */ = {isa = PBXFileReference; lastKnownFileType = sourcecode.swift; path = SceneDelegate.swift; sourceTree = "<group>"; };
		202EED1B23E3622600AE8E0E /* ViewController.swift */ = {isa = PBXFileReference; lastKnownFileType = sourcecode.swift; path = ViewController.swift; sourceTree = "<group>"; };
		202EED2023E3622700AE8E0E /* Assets.xcassets */ = {isa = PBXFileReference; lastKnownFileType = folder.assetcatalog; path = Assets.xcassets; sourceTree = "<group>"; };
		202EED2323E3622700AE8E0E /* Base */ = {isa = PBXFileReference; lastKnownFileType = file.storyboard; name = Base; path = Base.lproj/LaunchScreen.storyboard; sourceTree = "<group>"; };
		202EED2523E3622700AE8E0E /* Info.plist */ = {isa = PBXFileReference; lastKnownFileType = text.plist.xml; path = Info.plist; sourceTree = "<group>"; };
		202EED2B23E366A100AE8E0E /* ArticleModel.swift */ = {isa = PBXFileReference; lastKnownFileType = sourcecode.swift; path = ArticleModel.swift; sourceTree = "<group>"; };
		202EED2D23E3671A00AE8E0E /* ArticleView.swift */ = {isa = PBXFileReference; lastKnownFileType = sourcecode.swift; path = ArticleView.swift; sourceTree = "<group>"; };
		202EED2F23E393D900AE8E0E /* MainTabBarController.swift */ = {isa = PBXFileReference; lastKnownFileType = sourcecode.swift; path = MainTabBarController.swift; sourceTree = "<group>"; };
		202EED3123E394E000AE8E0E /* MainNavigationController.swift */ = {isa = PBXFileReference; lastKnownFileType = sourcecode.swift; path = MainNavigationController.swift; sourceTree = "<group>"; };
		202EED3323E3954000AE8E0E /* MainViewController.swift */ = {isa = PBXFileReference; lastKnownFileType = sourcecode.swift; path = MainViewController.swift; sourceTree = "<group>"; };
		202EED3523E3959300AE8E0E /* DetailViewController.swift */ = {isa = PBXFileReference; lastKnownFileType = sourcecode.swift; path = DetailViewController.swift; sourceTree = "<group>"; };
		202EED3723E3965C00AE8E0E /* SecondaryViewController.swift */ = {isa = PBXFileReference; lastKnownFileType = sourcecode.swift; path = SecondaryViewController.swift; sourceTree = "<group>"; };
		2038D28723E9F25A00B5E6CF /* CameraHandler.swift */ = {isa = PBXFileReference; lastKnownFileType = sourcecode.swift; path = CameraHandler.swift; sourceTree = "<group>"; };
/* End PBXFileReference section */

/* Begin PBXFrameworksBuildPhase section */
		202EED1123E3622600AE8E0E /* Frameworks */ = {
			isa = PBXFrameworksBuildPhase;
			buildActionMask = 2147483647;
			files = (
			);
			runOnlyForDeploymentPostprocessing = 0;
		};
/* End PBXFrameworksBuildPhase section */

/* Begin PBXGroup section */
		202EED0B23E3622600AE8E0E = {
			isa = PBXGroup;
			children = (
				202EED1623E3622600AE8E0E /* Photo Sort */,
				202EED1523E3622600AE8E0E /* Products */,
			);
			sourceTree = "<group>";
		};
		202EED1523E3622600AE8E0E /* Products */ = {
			isa = PBXGroup;
			children = (
				202EED1423E3622600AE8E0E /* Photo Sort.app */,
			);
			name = Products;
			sourceTree = "<group>";
		};
		202EED1623E3622600AE8E0E /* Photo Sort */ = {
			isa = PBXGroup;
			children = (
				202EED1723E3622600AE8E0E /* AppDelegate.swift */,
				202EED1923E3622600AE8E0E /* SceneDelegate.swift */,
				202EED1B23E3622600AE8E0E /* ViewController.swift */,
				202EED2D23E3671A00AE8E0E /* ArticleView.swift */,
				202EED2B23E366A100AE8E0E /* ArticleModel.swift */,
				202EED2023E3622700AE8E0E /* Assets.xcassets */,
				202EED2223E3622700AE8E0E /* LaunchScreen.storyboard */,
				202EED2523E3622700AE8E0E /* Info.plist */,
				202EED2F23E393D900AE8E0E /* MainTabBarController.swift */,
				202EED3123E394E000AE8E0E /* MainNavigationController.swift */,
				202EED3323E3954000AE8E0E /* MainViewController.swift */,
				202EED3523E3959300AE8E0E /* DetailViewController.swift */,
				202EED3723E3965C00AE8E0E /* SecondaryViewController.swift */,
				2038D28723E9F25A00B5E6CF /* CameraHandler.swift */,
			);
			path = "Photo Sort";
			sourceTree = "<group>";
		};
/* End PBXGroup section */

/* Begin PBXNativeTarget section */
		202EED1323E3622600AE8E0E /* Photo Sort */ = {
			isa = PBXNativeTarget;
			buildConfigurationList = 202EED2823E3622700AE8E0E /* Build configuration list for PBXNativeTarget "Photo Sort" */;
			buildPhases = (
				202EED1023E3622600AE8E0E /* Sources */,
				202EED1123E3622600AE8E0E /* Frameworks */,
				202EED1223E3622600AE8E0E /* Resources */,
			);
			buildRules = (
			);
			dependencies = (
			);
			name = "Photo Sort";
			productName = "Photo Sort";
			productReference = 202EED1423E3622600AE8E0E /* Photo Sort.app */;
			productType = "com.apple.product-type.application";
		};
/* End PBXNativeTarget section */

/* Begin PBXProject section */
		202EED0C23E3622600AE8E0E /* Project object */ = {
			isa = PBXProject;
			attributes = {
				LastSwiftUpdateCheck = 1130;
				LastUpgradeCheck = 1130;
				ORGANIZATIONNAME = "Tova Blau";
				TargetAttributes = {
					202EED1323E3622600AE8E0E = {
						CreatedOnToolsVersion = 11.3.1;
					};
				};
			};
			buildConfigurationList = 202EED0F23E3622600AE8E0E /* Build configuration list for PBXProject "Photo Sort" */;
			compatibilityVersion = "Xcode 9.3";
			developmentRegion = en;
			hasScannedForEncodings = 0;
			knownRegions = (
				en,
				Base,
			);
			mainGroup = 202EED0B23E3622600AE8E0E;
			productRefGroup = 202EED1523E3622600AE8E0E /* Products */;
			projectDirPath = "";
			projectRoot = "";
			targets = (
				202EED1323E3622600AE8E0E /* Photo Sort */,
			);
		};
/* End PBXProject section */

/* Begin PBXResourcesBuildPhase section */
		202EED1223E3622600AE8E0E /* Resources */ = {
			isa = PBXResourcesBuildPhase;
			buildActionMask = 2147483647;
			files = (
				202EED2423E3622700AE8E0E /* LaunchScreen.storyboard in Resources */,
				202EED2123E3622700AE8E0E /* Assets.xcassets in Resources */,
			);
			runOnlyForDeploymentPostprocessing = 0;
		};
/* End PBXResourcesBuildPhase section */

/* Begin PBXSourcesBuildPhase section */
		202EED1023E3622600AE8E0E /* Sources */ = {
			isa = PBXSourcesBuildPhase;
			buildActionMask = 2147483647;
			files = (
				202EED3623E3959300AE8E0E /* DetailViewController.swift in Sources */,
				202EED1C23E3622600AE8E0E /* ViewController.swift in Sources */,
				202EED1823E3622600AE8E0E /* AppDelegate.swift in Sources */,
				202EED3023E393D900AE8E0E /* MainTabBarController.swift in Sources */,
				2038D28823E9F25A00B5E6CF /* CameraHandler.swift in Sources */,
				202EED2E23E3671A00AE8E0E /* ArticleView.swift in Sources */,
				202EED3223E394E000AE8E0E /* MainNavigationController.swift in Sources */,
				202EED2C23E366A100AE8E0E /* ArticleModel.swift in Sources */,
				202EED1A23E3622600AE8E0E /* SceneDelegate.swift in Sources */,
				202EED3423E3954000AE8E0E /* MainViewController.swift in Sources */,
				202EED3823E3965C00AE8E0E /* SecondaryViewController.swift in Sources */,
			);
			runOnlyForDeploymentPostprocessing = 0;
		};
/* End PBXSourcesBuildPhase section */

/* Begin PBXVariantGroup section */
		202EED2223E3622700AE8E0E /* LaunchScreen.storyboard */ = {
			isa = PBXVariantGroup;
			children = (
				202EED2323E3622700AE8E0E /* Base */,
			);
			name = LaunchScreen.storyboard;
			sourceTree = "<group>";
		};
/* End PBXVariantGroup section */

/* Begin XCBuildConfiguration section */
		202EED2623E3622700AE8E0E /* Debug */ = {
			isa = XCBuildConfiguration;
			buildSettings = {
				ALWAYS_SEARCH_USER_PATHS = NO;
				CLANG_ANALYZER_NONNULL = YES;
				CLANG_ANALYZER_NUMBER_OBJECT_CONVERSION = YES_AGGRESSIVE;
				CLANG_CXX_LANGUAGE_STANDARD = "gnu++14";
				CLANG_CXX_LIBRARY = "libc++";
				CLANG_ENABLE_MODULES = YES;
				CLANG_ENABLE_OBJC_ARC = YES;
				CLANG_ENABLE_OBJC_WEAK = YES;
				CLANG_WARN_BLOCK_CAPTURE_AUTORELEASING = YES;
				CLANG_WARN_BOOL_CONVERSION = YES;
				CLANG_WARN_COMMA = YES;
				CLANG_WARN_CONSTANT_CONVERSION = YES;
				CLANG_WARN_DEPRECATED_OBJC_IMPLEMENTATIONS = YES;
				CLANG_WARN_DIRECT_OBJC_ISA_USAGE = YES_ERROR;
				CLANG_WARN_DOCUMENTATION_COMMENTS = YES;
				CLANG_WARN_EMPTY_BODY = YES;
				CLANG_WARN_ENUM_CONVERSION = YES;
				CLANG_WARN_INFINITE_RECURSION = YES;
				CLANG_WARN_INT_CONVERSION = YES;
				CLANG_WARN_NON_LITERAL_NULL_CONVERSION = YES;
				CLANG_WARN_OBJC_IMPLICIT_RETAIN_SELF = YES;
				CLANG_WARN_OBJC_LITERAL_CONVERSION = YES;
				CLANG_WARN_OBJC_ROOT_CLASS = YES_ERROR;
				CLANG_WARN_RANGE_LOOP_ANALYSIS = YES;
				CLANG_WARN_STRICT_PROTOTYPES = YES;
				CLANG_WARN_SUSPICIOUS_MOVE = YES;
				CLANG_WARN_UNGUARDED_AVAILABILITY = YES_AGGRESSIVE;
				CLANG_WARN_UNREACHABLE_CODE = YES;
				CLANG_WARN__DUPLICATE_METHOD_MATCH = YES;
				COPY_PHASE_STRIP = NO;
				DEBUG_INFORMATION_FORMAT = dwarf;
				ENABLE_STRICT_OBJC_MSGSEND = YES;
				ENABLE_TESTABILITY = YES;
				GCC_C_LANGUAGE_STANDARD = gnu11;
				GCC_DYNAMIC_NO_PIC = NO;
				GCC_NO_COMMON_BLOCKS = YES;
				GCC_OPTIMIZATION_LEVEL = 0;
				GCC_PREPROCESSOR_DEFINITIONS = (
					"DEBUG=1",
					"$(inherited)",
				);
				GCC_WARN_64_TO_32_BIT_CONVERSION = YES;
				GCC_WARN_ABOUT_RETURN_TYPE = YES_ERROR;
				GCC_WARN_UNDECLARED_SELECTOR = YES;
				GCC_WARN_UNINITIALIZED_AUTOS = YES_AGGRESSIVE;
				GCC_WARN_UNUSED_FUNCTION = YES;
				GCC_WARN_UNUSED_VARIABLE = YES;
				IPHONEOS_DEPLOYMENT_TARGET = 13.2;
				MTL_ENABLE_DEBUG_INFO = INCLUDE_SOURCE;
				MTL_FAST_MATH = YES;
				ONLY_ACTIVE_ARCH = YES;
				SDKROOT = iphoneos;
				SWIFT_ACTIVE_COMPILATION_CONDITIONS = DEBUG;
				SWIFT_OPTIMIZATION_LEVEL = "-Onone";
			};
			name = Debug;
		};
		202EED2723E3622700AE8E0E /* Release */ = {
			isa = XCBuildConfiguration;
			buildSettings = {
				ALWAYS_SEARCH_USER_PATHS = NO;
				CLANG_ANALYZER_NONNULL = YES;
				CLANG_ANALYZER_NUMBER_OBJECT_CONVERSION = YES_AGGRESSIVE;
				CLANG_CXX_LANGUAGE_STANDARD = "gnu++14";
				CLANG_CXX_LIBRARY = "libc++";
				CLANG_ENABLE_MODULES = YES;
				CLANG_ENABLE_OBJC_ARC = YES;
				CLANG_ENABLE_OBJC_WEAK = YES;
				CLANG_WARN_BLOCK_CAPTURE_AUTORELEASING = YES;
				CLANG_WARN_BOOL_CONVERSION = YES;
				CLANG_WARN_COMMA = YES;
				CLANG_WARN_CONSTANT_CONVERSION = YES;
				CLANG_WARN_DEPRECATED_OBJC_IMPLEMENTATIONS = YES;
				CLANG_WARN_DIRECT_OBJC_ISA_USAGE = YES_ERROR;
				CLANG_WARN_DOCUMENTATION_COMMENTS = YES;
				CLANG_WARN_EMPTY_BODY = YES;
				CLANG_WARN_ENUM_CONVERSION = YES;
				CLANG_WARN_INFINITE_RECURSION = YES;
				CLANG_WARN_INT_CONVERSION = YES;
				CLANG_WARN_NON_LITERAL_NULL_CONVERSION = YES;
				CLANG_WARN_OBJC_IMPLICIT_RETAIN_SELF = YES;
				CLANG_WARN_OBJC_LITERAL_CONVERSION = YES;
				CLANG_WARN_OBJC_ROOT_CLASS = YES_ERROR;
				CLANG_WARN_RANGE_LOOP_ANALYSIS = YES;
				CLANG_WARN_STRICT_PROTOTYPES = YES;
				CLANG_WARN_SUSPICIOUS_MOVE = YES;
				CLANG_WARN_UNGUARDED_AVAILABILITY = YES_AGGRESSIVE;
				CLANG_WARN_UNREACHABLE_CODE = YES;
				CLANG_WARN__DUPLICATE_METHOD_MATCH = YES;
				COPY_PHASE_STRIP = NO;
				DEBUG_INFORMATION_FORMAT = "dwarf-with-dsym";
				ENABLE_NS_ASSERTIONS = NO;
				ENABLE_STRICT_OBJC_MSGSEND = YES;
				GCC_C_LANGUAGE_STANDARD = gnu11;
				GCC_NO_COMMON_BLOCKS = YES;
				GCC_WARN_64_TO_32_BIT_CONVERSION = YES;
				GCC_WARN_ABOUT_RETURN_TYPE = YES_ERROR;
				GCC_WARN_UNDECLARED_SELECTOR = YES;
				GCC_WARN_UNINITIALIZED_AUTOS = YES_AGGRESSIVE;
				GCC_WARN_UNUSED_FUNCTION = YES;
				GCC_WARN_UNUSED_VARIABLE = YES;
				IPHONEOS_DEPLOYMENT_TARGET = 13.2;
				MTL_ENABLE_DEBUG_INFO = NO;
				MTL_FAST_MATH = YES;
				SDKROOT = iphoneos;
				SWIFT_COMPILATION_MODE = wholemodule;
				SWIFT_OPTIMIZATION_LEVEL = "-O";
				VALIDATE_PRODUCT = YES;
			};
			name = Release;
		};
		202EED2923E3622700AE8E0E /* Debug */ = {
			isa = XCBuildConfiguration;
			buildSettings = {
				ASSETCATALOG_COMPILER_APPICON_NAME = AppIcon;
				CODE_SIGN_STYLE = Automatic;
				INFOPLIST_FILE = "Photo Sort/Info.plist";
				LD_RUNPATH_SEARCH_PATHS = (
					"$(inherited)",
					"@executable_path/Frameworks",
				);
				PRODUCT_BUNDLE_IDENTIFIER = "com.TovaBlau.Photo-Sort";
				PRODUCT_NAME = "$(TARGET_NAME)";
				SWIFT_VERSION = 5.0;
				TARGETED_DEVICE_FAMILY = "1,2";
			};
			name = Debug;
		};
		202EED2A23E3622700AE8E0E /* Release */ = {
			isa = XCBuildConfiguration;
			buildSettings = {
				ASSETCATALOG_COMPILER_APPICON_NAME = AppIcon;
				CODE_SIGN_STYLE = Automatic;
				INFOPLIST_FILE = "Photo Sort/Info.plist";
				LD_RUNPATH_SEARCH_PATHS = (
					"$(inherited)",
					"@executable_path/Frameworks",
				);
				PRODUCT_BUNDLE_IDENTIFIER = "com.TovaBlau.Photo-Sort";
				PRODUCT_NAME = "$(TARGET_NAME)";
				SWIFT_VERSION = 5.0;
				TARGETED_DEVICE_FAMILY = "1,2";
			};
			name = Release;
		};
/* End XCBuildConfiguration section */

/* Begin XCConfigurationList section */
		202EED0F23E3622600AE8E0E /* Build configuration list for PBXProject "Photo Sort" */ = {
			isa = XCConfigurationList;
			buildConfigurations = (
				202EED2623E3622700AE8E0E /* Debug */,
				202EED2723E3622700AE8E0E /* Release */,
			);
			defaultConfigurationIsVisible = 0;
			defaultConfigurationName = Release;
		};
		202EED2823E3622700AE8E0E /* Build configuration list for PBXNativeTarget "Photo Sort" */ = {
			isa = XCConfigurationList;
			buildConfigurations = (
				202EED2923E3622700AE8E0E /* Debug */,
				202EED2A23E3622700AE8E0E /* Release */,
			);
			defaultConfigurationIsVisible = 0;
			defaultConfigurationName = Release;
		};
/* End XCConfigurationList section */
	};
	rootObject = 202EED0C23E3622600AE8E0E /* Project object */;
}
